
Microsoft Visual Studio Solution File, Format Version 12.00
# Visual Studio Version 17
VisualStudioVersion = 17.2.32630.192
MinimumVisualStudioVersion = 10.0.40219.1
Project("{FAE04EC0-301F-11D3-BF4B-00C04F79EFBC}") = "Employee Management", "Employee Management\Employee Management.csproj", "{39CCFF5F-9245-497F-AAC7-6C11B9767E3D}"
EndProject
Global
	GlobalSection(SolutionConfigurationPlatforms) = preSolution
		Debug|Any CPU = Debug|Any CPU
		Release|Any CPU = Release|Any CPU
	EndGlobalSection
	GlobalSection(ProjectConfigurationPlatforms) = postSolution
		{39CCFF5F-9245-497F-AAC7-6C11B9767E3D}.Debug|Any CPU.ActiveCfg = Debug|Any CPU
		{39CCFF5F-9245-497F-AAC7-6C11B9767E3D}.Debug|Any CPU.Build.0 = Debug|Any CPU
		{39CCFF5F-9245-497F-AAC7-6C11B9767E3D}.Release|Any CPU.ActiveCfg = Release|Any CPU
		{39CCFF5F-9245-497F-AAC7-6C11B9767E3D}.Release|Any CPU.Build.0 = Release|Any CPU
	EndGlobalSection
	GlobalSection(SolutionProperties) = preSolution
		HideSolutionNode = FALSE
	EndGlobalSection
	GlobalSection(ExtensibilityGlobals) = postSolution
		SolutionGuid = {C59E5DF3-22ED-4E74-8431-CABD3BA3A342}
	EndGlobalSection
EndGlobal
